
Microsoft Visual Studio Solution File, Format Version 12.00
# Visual Studio Version 17
VisualStudioVersion = 17.10.35013.160
MinimumVisualStudioVersion = 10.0.40219.1
Project("{FAE04EC0-301F-11D3-BF4B-00C04F79EFBC}") = "Not defteri uygulaması", "Not defteri uygulaması\Not defteri uygulaması.csproj", "{ED7D832E-68C8-436B-8D4A-44B6C11CFFDF}"
EndProject
Global
	GlobalSection(SolutionConfigurationPlatforms) = preSolution
		Debug|Any CPU = Debug|Any CPU
		Release|Any CPU = Release|Any CPU
	EndGlobalSection
	GlobalSection(ProjectConfigurationPlatforms) = postSolution
		{ED7D832E-68C8-436B-8D4A-44B6C11CFFDF}.Debug|Any CPU.ActiveCfg = Debug|Any CPU
		{ED7D832E-68C8-436B-8D4A-44B6C11CFFDF}.Debug|Any CPU.Build.0 = Debug|Any CPU
		{ED7D832E-68C8-436B-8D4A-44B6C11CFFDF}.Release|Any CPU.ActiveCfg = Release|Any CPU
		{ED7D832E-68C8-436B-8D4A-44B6C11CFFDF}.Release|Any CPU.Build.0 = Release|Any CPU
	EndGlobalSection
	GlobalSection(SolutionProperties) = preSolution
		HideSolutionNode = FALSE
	EndGlobalSection
	GlobalSection(ExtensibilityGlobals) = postSolution
		SolutionGuid = {170A7D05-3ACD-4E98-8612-C529D437E960}
	EndGlobalSection
EndGlobal
